# THIS IS AN AUTOGENERATED FILE. DO NOT EDIT THIS FILE DIRECTLY.
# yarn lockfile v1


"@babel/runtime@^7.0.0", "@babel/runtime@^7.3.1":
  version "7.9.2"
  resolved "https://registry.yarnpkg.com/@babel/runtime/-/runtime-7.9.2.tgz#d90df0583a3a252f09aaa619665367bae518db06"
  integrity sha512-NE2DtOdufG7R5vnfQUTehdTfNycfUANEtCa9PssN9O/xmTzP4E08UI797ixaei6hBEVL9BI/PsdJS5x7mWoB9Q==
  dependencies:
    regenerator-runtime "^0.13.4"

"@deck.gl/mesh-layers@^8.1.2":
  version "8.1.2"
  resolved "https://registry.yarnpkg.com/@deck.gl/mesh-layers/-/mesh-layers-8.1.2.tgz#caae59081a5834f602bfb871efa24bf119a4c3b7"
  integrity sha512-1gfZOkdKtZ0uogX/X3d+xckdPViXvd8LhZTpZOpjRIKaf/fhzqvY/w+jOU+73Ym6fX7XBg02zswPomzD1QWeow==
  dependencies:
    "@luma.gl/experimental" "^8.1.0"
    "@luma.gl/shadertools" "^8.1.0"

"@loaders.gl/images@^2.1.1":
  version "2.1.2"
  resolved "https://registry.yarnpkg.com/@loaders.gl/images/-/images-2.1.2.tgz#ce931b7f2d3ea755e0c762fbee274ce7dddefeea"
  integrity sha512-BYTf7kajQ1Wir9X5WJLbJinctxi6aX9/QASRSkuJGqhK7gs4msGahW1wxaIXqBx7ECLTkqrQwzZ+KHqUu8Tz8w==
  dependencies:
    "@loaders.gl/loader-utils" "2.1.2"

"@loaders.gl/loader-utils@2.1.2":
  version "2.1.2"
  resolved "https://registry.yarnpkg.com/@loaders.gl/loader-utils/-/loader-utils-2.1.2.tgz#271892be6b0f39b2b1c50e24d531875f6281d0da"
  integrity sha512-JfhNkvP1SdDBNKT0FeuK/ZlYWeDZJoY0lgWQlYvOY9F4Uc+Lhxwl1nDvUJUYZa2PKgPgTmYP++pGOzSaR1hnoQ==
  dependencies:
    "@babel/runtime" "^7.3.1"
    "@probe.gl/stats" "^3.2.1"

"@luma.gl/constants@8.1.1", "@luma.gl/constants@^8.1.0":
  version "8.1.1"
  resolved "https://registry.yarnpkg.com/@luma.gl/constants/-/constants-8.1.1.tgz#75ad54d9ccbb92e21e12d8b16619f94da6661204"
  integrity sha512-QasDQorHeggwLCsyaBUZd58hUjWX0785dIjb8YPJto22d/Swcg2j4SAvNOq9aD5c0MUkzXoBWvrhThLIzxn8qA==

"@luma.gl/core@^8.1.1":
  version "8.1.1"
  resolved "https://registry.yarnpkg.com/@luma.gl/core/-/core-8.1.1.tgz#ea222343649f5d7923f7208fae510c72113a9584"
  integrity sha512-xPl/fWviTOdYN+OLxDoUU6+DpJR2lyQ82ftFZ0UDS0duq6xTsYrEAxhEXO1akhSrjmtLQRn0DAhJyPXtPxTs0w==
  dependencies:
    "@babel/runtime" "^7.0.0"
    "@luma.gl/constants" "8.1.1"
    "@luma.gl/engine" "8.1.1"
    "@luma.gl/shadertools" "8.1.1"
    "@luma.gl/webgl" "8.1.1"

"@luma.gl/engine@8.1.1":
  version "8.1.1"
  resolved "https://registry.yarnpkg.com/@luma.gl/engine/-/engine-8.1.1.tgz#8db4b4e7d13ff68246962c702663bcca0410d205"
  integrity sha512-/EONNn1cjte/qrOa71Bg5T7MG2nwWcxSJngyTN20PoeBRvql/E7R2YXDn7Aej44Ld73u9WRoMU1L19q4s/ZVCQ==
  dependencies:
    "@babel/runtime" "^7.0.0"
    "@luma.gl/constants" "8.1.1"
    "@luma.gl/gltools" "8.1.1"
    "@luma.gl/shadertools" "8.1.1"
    "@luma.gl/webgl" "8.1.1"
    math.gl "^3.1.3"
    probe.gl "^3.2.1"

"@luma.gl/experimental@^8.1.0":
  version "8.1.1"
  resolved "https://registry.yarnpkg.com/@luma.gl/experimental/-/experimental-8.1.1.tgz#3627018bfaa75287ea5a0cc279896959802daeb3"
  integrity sha512-mplWHewqzjxjk1rp0ZGrUn35fuQoohaVT38i5qQchg6YgNWqSFwSk6oCfCVIptctVIyS6PVunoHF+QTBRzBZxw==
  dependencies:
    "@loaders.gl/images" "^2.1.1"
    "@luma.gl/constants" "8.1.1"
    earcut "^2.0.6"
    math.gl "^3.1.3"

"@luma.gl/gltools@8.1.1":
  version "8.1.1"
  resolved "https://registry.yarnpkg.com/@luma.gl/gltools/-/gltools-8.1.1.tgz#1d346233d9a57acc4f8fc6b62dc41b75a9f9f288"
  integrity sha512-Q8wayEm9zS3bd5+Ck97Ap4MLeJRhQjcQGvSbc165sbisUjVA7+m6VqwLE5rHQ2GWma2oEYBHltb/GeVEU2t5FQ==
  dependencies:
    "@babel/runtime" "^7.0.0"
    "@luma.gl/constants" "8.1.1"
    probe.gl "^3.2.1"

"@luma.gl/shadertools@8.1.1", "@luma.gl/shadertools@^8.1.0":
  version "8.1.1"
  resolved "https://registry.yarnpkg.com/@luma.gl/shadertools/-/shadertools-8.1.1.tgz#a8c503622384ddd1118dddf07760ec5e1bcf4aff"
  integrity sha512-y7OnRJmGg0qSrLYZQ7rNhRqEEbALOsVK9djCEaWDhbDXn3THJhUjtD8X+f+jGARyVZKiDbStCIFl0cmNjLUC+A==
  dependencies:
    "@babel/runtime" "^7.0.0"
    math.gl "^3.1.3"

"@luma.gl/webgl@8.1.1":
  version "8.1.1"
  resolved "https://registry.yarnpkg.com/@luma.gl/webgl/-/webgl-8.1.1.tgz#148acd2085d23de2a7e9a565c7b8d5883da77e53"
  integrity sha512-SbwGW7cUHXe6OIHi8U+k0GCqnB79q0MEjYb57dM0FFOnCYJ/iLaNJD26ah7ee178D4uspry89q2bpP16bJ927A==
  dependencies:
    "@babel/runtime" "^7.0.0"
    "@luma.gl/constants" "8.1.1"
    "@luma.gl/gltools" "8.1.1"
    probe.gl "^3.2.1"

"@math.gl/core@3.1.3":
  version "3.1.3"
  resolved "https://registry.yarnpkg.com/@math.gl/core/-/core-3.1.3.tgz#70b0349708d170325eecf043b6840029bc57cda5"
  integrity sha512-vpYyUYaE9h5KhJC4BJp4CeWThB7rrfs40d36dKkn45Vgzuj2lVCJ8FeU0S5XWYa495DLxxECED0IZt9ROvlwcg==
  dependencies:
    "@babel/runtime" "^7.0.0"
    gl-matrix "^3.0.0"

"@probe.gl/stats@3.2.1", "@probe.gl/stats@^3.2.1":
  version "3.2.1"
  resolved "https://registry.yarnpkg.com/@probe.gl/stats/-/stats-3.2.1.tgz#4e95c75513229ebb01384045e89524a466c022eb"
  integrity sha512-tXe5krgbodxtVdUVWG4oIicMoCHNGp7QYkaHSDrUeTfJVqYuZz99T6r7qmn0bCo4wQlzn936jJ+QiAltHxatig==
  dependencies:
    "@babel/runtime" "^7.0.0"

earcut@^2.0.6:
  version "2.2.2"
  resolved "https://registry.yarnpkg.com/earcut/-/earcut-2.2.2.tgz#41b0bc35f63e0fe80da7cddff28511e7e2e80d11"
  integrity sha512-eZoZPPJcUHnfRZ0PjLvx2qBordSiO8ofC3vt+qACLM95u+4DovnbYNpQtJh0DNsWj8RnxrQytD4WA8gj5cRIaQ==

gl-matrix@^3.0.0:
  version "3.3.0"
  resolved "https://registry.yarnpkg.com/gl-matrix/-/gl-matrix-3.3.0.tgz#232eef60b1c8b30a28cbbe75b2caf6c48fd6358b"
  integrity sha512-COb7LDz+SXaHtl/h4LeaFcNdJdAQSDeVqjiIihSXNrkWObZLhDI4hIkZC11Aeqp7bcE72clzB0BnDXr2SmslRA==

math.gl@^3.1.3:
  version "3.1.3"
  resolved "https://registry.yarnpkg.com/math.gl/-/math.gl-3.1.3.tgz#1e702df8cba024cc229e18e3c57c60a27943cb95"
  integrity sha512-3OYCtzTOW1wkZufjsxk8g1D77+z+x7QehOZcMFPGgw1QjVEFNcyy3ql6hdrZpUlkyE3pX4lYak7WOIE+n0obYg==
  dependencies:
    "@math.gl/core" "3.1.3"

probe.gl@^3.2.1:
  version "3.2.1"
  resolved "https://registry.yarnpkg.com/probe.gl/-/probe.gl-3.2.1.tgz#c92db3e89df6c45a9fe0377890c6b0ded35d2974"
  integrity sha512-ax0flZWVcrw3FF9MMt84mqfIckjkB7ItGer9rr8zlUbkIyzt66ypeJVLQlC28dJ/RBZtriflt2sVAhjENFohQA==
  dependencies:
    "@babel/runtime" "^7.0.0"
    "@probe.gl/stats" "3.2.1"

regenerator-runtime@^0.13.4:
  version "0.13.5"
  resolved "https://registry.yarnpkg.com/regenerator-runtime/-/regenerator-runtime-0.13.5.tgz#d878a1d094b4306d10b9096484b33ebd55e26697"
  integrity sha512-ZS5w8CpKFinUzOwW3c83oPeVXoNsrLsaCoLtJvAClH135j/R77RuymhiSErhm2lKcwSCIpmvIWSbDkIfAqKQlA==
